
Microsoft Visual Studio Solution File, Format Version 11.00
# Visual Studio 2010
Project("{FAE04EC0-301F-11D3-BF4B-00C04F79EFBC}") = "Even_Odd_Waite_Pulse", "Even_Odd_Waite_Pulse\Even_Odd_Waite_Pulse.csproj", "{443473BA-D7AB-4C83-AAAE-5CC2F422E5BD}"
EndProject
Global
	GlobalSection(SolutionConfigurationPlatforms) = preSolution
		Debug|Any CPU = Debug|Any CPU
		Release|Any CPU = Release|Any CPU
	EndGlobalSection
	GlobalSection(ProjectConfigurationPlatforms) = postSolution
		{443473BA-D7AB-4C83-AAAE-5CC2F422E5BD}.Debug|Any CPU.ActiveCfg = Debug|Any CPU
		{443473BA-D7AB-4C83-AAAE-5CC2F422E5BD}.Debug|Any CPU.Build.0 = Debug|Any CPU
		{443473BA-D7AB-4C83-AAAE-5CC2F422E5BD}.Release|Any CPU.ActiveCfg = Release|Any CPU
		{443473BA-D7AB-4C83-AAAE-5CC2F422E5BD}.Release|Any CPU.Build.0 = Release|Any CPU
	EndGlobalSection
	GlobalSection(SolutionProperties) = preSolution
		HideSolutionNode = FALSE
	EndGlobalSection
EndGlobal
