
Microsoft Visual Studio Solution File, Format Version 11.00
# Visual Studio 2010
Project("{FAE04EC0-301F-11D3-BF4B-00C04F79EFBC}") = "Mdi_Childs_Message", "Mdi_Childs_Message\Mdi_Childs_Message.csproj", "{FBA0CFB5-3EF5-4BED-9C16-24934F3AF591}"
EndProject
Global
	GlobalSection(SolutionConfigurationPlatforms) = preSolution
		Debug|Any CPU = Debug|Any CPU
		Release|Any CPU = Release|Any CPU
	EndGlobalSection
	GlobalSection(ProjectConfigurationPlatforms) = postSolution
		{FBA0CFB5-3EF5-4BED-9C16-24934F3AF591}.Debug|Any CPU.ActiveCfg = Debug|Any CPU
		{FBA0CFB5-3EF5-4BED-9C16-24934F3AF591}.Debug|Any CPU.Build.0 = Debug|Any CPU
		{FBA0CFB5-3EF5-4BED-9C16-24934F3AF591}.Release|Any CPU.ActiveCfg = Release|Any CPU
		{FBA0CFB5-3EF5-4BED-9C16-24934F3AF591}.Release|Any CPU.Build.0 = Release|Any CPU
	EndGlobalSection
	GlobalSection(SolutionProperties) = preSolution
		HideSolutionNode = FALSE
	EndGlobalSection
EndGlobal
