
Microsoft Visual Studio Solution File, Format Version 11.00
# Visual Studio 2010
Project("{FAE04EC0-301F-11D3-BF4B-00C04F79EFBC}") = "ChildIndex", "ChildIndex\ChildIndex.csproj", "{5AEDAB1E-B667-4102-BFA8-76B242C6F070}"
EndProject
Global
	GlobalSection(SolutionConfigurationPlatforms) = preSolution
		Debug|Any CPU = Debug|Any CPU
		Release|Any CPU = Release|Any CPU
	EndGlobalSection
	GlobalSection(ProjectConfigurationPlatforms) = postSolution
		{5AEDAB1E-B667-4102-BFA8-76B242C6F070}.Debug|Any CPU.ActiveCfg = Debug|Any CPU
		{5AEDAB1E-B667-4102-BFA8-76B242C6F070}.Debug|Any CPU.Build.0 = Debug|Any CPU
		{5AEDAB1E-B667-4102-BFA8-76B242C6F070}.Release|Any CPU.ActiveCfg = Release|Any CPU
		{5AEDAB1E-B667-4102-BFA8-76B242C6F070}.Release|Any CPU.Build.0 = Release|Any CPU
	EndGlobalSection
	GlobalSection(SolutionProperties) = preSolution
		HideSolutionNode = FALSE
	EndGlobalSection
EndGlobal
