
Microsoft Visual Studio Solution File, Format Version 11.00
# Visual Studio 2010
Project("{FAE04EC0-301F-11D3-BF4B-00C04F79EFBC}") = "Simple_UserControl", "Simple_UserControl\Simple_UserControl.csproj", "{03C076FD-29DF-4715-BAB6-977A2F9960E5}"
EndProject
Global
	GlobalSection(SolutionConfigurationPlatforms) = preSolution
		Debug|Any CPU = Debug|Any CPU
		Release|Any CPU = Release|Any CPU
	EndGlobalSection
	GlobalSection(ProjectConfigurationPlatforms) = postSolution
		{03C076FD-29DF-4715-BAB6-977A2F9960E5}.Debug|Any CPU.ActiveCfg = Debug|Any CPU
		{03C076FD-29DF-4715-BAB6-977A2F9960E5}.Debug|Any CPU.Build.0 = Debug|Any CPU
		{03C076FD-29DF-4715-BAB6-977A2F9960E5}.Release|Any CPU.ActiveCfg = Release|Any CPU
		{03C076FD-29DF-4715-BAB6-977A2F9960E5}.Release|Any CPU.Build.0 = Release|Any CPU
	EndGlobalSection
	GlobalSection(SolutionProperties) = preSolution
		HideSolutionNode = FALSE
	EndGlobalSection
EndGlobal
