
Microsoft Visual Studio Solution File, Format Version 12.00
# Visual Studio 2012
Project("{FAE04EC0-301F-11D3-BF4B-00C04F79EFBC}") = "UserControl_Different_Controls", "UserControl_Different_Controls\UserControl_Different_Controls.csproj", "{0B301256-91B0-4F6B-882A-BE638A22F182}"
EndProject
Global
	GlobalSection(SolutionConfigurationPlatforms) = preSolution
		Debug|Any CPU = Debug|Any CPU
		Release|Any CPU = Release|Any CPU
	EndGlobalSection
	GlobalSection(ProjectConfigurationPlatforms) = postSolution
		{0B301256-91B0-4F6B-882A-BE638A22F182}.Debug|Any CPU.ActiveCfg = Debug|Any CPU
		{0B301256-91B0-4F6B-882A-BE638A22F182}.Debug|Any CPU.Build.0 = Debug|Any CPU
		{0B301256-91B0-4F6B-882A-BE638A22F182}.Release|Any CPU.ActiveCfg = Release|Any CPU
		{0B301256-91B0-4F6B-882A-BE638A22F182}.Release|Any CPU.Build.0 = Release|Any CPU
	EndGlobalSection
	GlobalSection(SolutionProperties) = preSolution
		HideSolutionNode = FALSE
	EndGlobalSection
EndGlobal
