
Microsoft Visual Studio Solution File, Format Version 11.00
# Visual Studio 2010
Project("{FAE04EC0-301F-11D3-BF4B-00C04F79EFBC}") = "TwoForms", "TwoForms\TwoForms.csproj", "{ED08B49B-8CFF-47DF-96F1-679CD20DB821}"
EndProject
Global
	GlobalSection(SolutionConfigurationPlatforms) = preSolution
		Debug|Any CPU = Debug|Any CPU
		Release|Any CPU = Release|Any CPU
	EndGlobalSection
	GlobalSection(ProjectConfigurationPlatforms) = postSolution
		{ED08B49B-8CFF-47DF-96F1-679CD20DB821}.Debug|Any CPU.ActiveCfg = Debug|Any CPU
		{ED08B49B-8CFF-47DF-96F1-679CD20DB821}.Debug|Any CPU.Build.0 = Debug|Any CPU
		{ED08B49B-8CFF-47DF-96F1-679CD20DB821}.Release|Any CPU.ActiveCfg = Release|Any CPU
		{ED08B49B-8CFF-47DF-96F1-679CD20DB821}.Release|Any CPU.Build.0 = Release|Any CPU
	EndGlobalSection
	GlobalSection(SolutionProperties) = preSolution
		HideSolutionNode = FALSE
	EndGlobalSection
EndGlobal
