
Microsoft Visual Studio Solution File, Format Version 11.00
# Visual Studio 2010
Project("{FAE04EC0-301F-11D3-BF4B-00C04F79EFBC}") = "Sort", "Sort\Sort.csproj", "{EB02133A-5807-45B6-B205-8DE51DA530FC}"
EndProject
Global
	GlobalSection(SolutionConfigurationPlatforms) = preSolution
		Debug|Any CPU = Debug|Any CPU
		Release|Any CPU = Release|Any CPU
	EndGlobalSection
	GlobalSection(ProjectConfigurationPlatforms) = postSolution
		{EB02133A-5807-45B6-B205-8DE51DA530FC}.Debug|Any CPU.ActiveCfg = Debug|Any CPU
		{EB02133A-5807-45B6-B205-8DE51DA530FC}.Debug|Any CPU.Build.0 = Debug|Any CPU
		{EB02133A-5807-45B6-B205-8DE51DA530FC}.Release|Any CPU.ActiveCfg = Release|Any CPU
		{EB02133A-5807-45B6-B205-8DE51DA530FC}.Release|Any CPU.Build.0 = Release|Any CPU
	EndGlobalSection
	GlobalSection(SolutionProperties) = preSolution
		HideSolutionNode = FALSE
	EndGlobalSection
EndGlobal
